
Microsoft Visual Studio Solution File, Format Version 12.00
# Visual Studio Version 17
VisualStudioVersion = 17.6.33712.159
MinimumVisualStudioVersion = 10.0.40219.1
Project("{FAE04EC0-301F-11D3-BF4B-00C04F79EFBC}") = "EFinancas.Api", "EFinancas.Api\EFinancas.Api.csproj", "{B061D63D-92B9-4A58-A673-05B0416A93A5}"
EndProject
Project("{FAE04EC0-301F-11D3-BF4B-00C04F79EFBC}") = "EFinancas.Dominio", "EFinancas.Dominio\EFinancas.Dominio.csproj", "{8E977AA4-8C85-44A0-B92F-22E7B1799811}"
EndProject
Global
	GlobalSection(SolutionConfigurationPlatforms) = preSolution
		Debug|Any CPU = Debug|Any CPU
		Release|Any CPU = Release|Any CPU
	EndGlobalSection
	GlobalSection(ProjectConfigurationPlatforms) = postSolution
		{B061D63D-92B9-4A58-A673-05B0416A93A5}.Debug|Any CPU.ActiveCfg = Debug|Any CPU
		{B061D63D-92B9-4A58-A673-05B0416A93A5}.Debug|Any CPU.Build.0 = Debug|Any CPU
		{B061D63D-92B9-4A58-A673-05B0416A93A5}.Release|Any CPU.ActiveCfg = Release|Any CPU
		{B061D63D-92B9-4A58-A673-05B0416A93A5}.Release|Any CPU.Build.0 = Release|Any CPU
		{8E977AA4-8C85-44A0-B92F-22E7B1799811}.Debug|Any CPU.ActiveCfg = Debug|Any CPU
		{8E977AA4-8C85-44A0-B92F-22E7B1799811}.Debug|Any CPU.Build.0 = Debug|Any CPU
		{8E977AA4-8C85-44A0-B92F-22E7B1799811}.Release|Any CPU.ActiveCfg = Release|Any CPU
		{8E977AA4-8C85-44A0-B92F-22E7B1799811}.Release|Any CPU.Build.0 = Release|Any CPU
	EndGlobalSection
	GlobalSection(SolutionProperties) = preSolution
		HideSolutionNode = FALSE
	EndGlobalSection
	GlobalSection(ExtensibilityGlobals) = postSolution
		SolutionGuid = {1E9C911E-0140-48A7-87D6-3A9A9F5996F3}
	EndGlobalSection
EndGlobal
